
Microsoft Visual Studio Solution File, Format Version 12.00
# Visual Studio Version 17
VisualStudioVersion = 17.11.35327.3
MinimumVisualStudioVersion = 10.0.40219.1
Project("{9A19103F-16F7-4668-BE54-9A1E7A4F7556}") = "LearnCSharp", "LearnCSharp.csproj", "{6393F5D3-135B-40DA-9074-2C5D79AC2393}"
EndProject
Project("{9A19103F-16F7-4668-BE54-9A1E7A4F7556}") = "01_03_Primitive Types and Expressions", "..\03_Primitive Types and Expressions\01_03_Primitive Types and Expressions.csproj", "{9A23E9F0-0C1D-4A20-B7C1-B31BBC7C069F}"
EndProject
Project("{FAE04EC0-301F-11D3-BF4B-00C04F79EFBC}") = "01_04_Non-Primitive Types", "..\04_Non-Primitive Types\01_04_Non-Primitive Types.csproj", "{44F6E835-FCF1-4BF9-9878-20BE66ED7149}"
EndProject
Project("{FAE04EC0-301F-11D3-BF4B-00C04F79EFBC}") = "01_05_Control Flow", "..\05_Control Flow\01_05_Control Flow.csproj", "{2D5B7A5C-D455-4F04-8E29-F45BB9BD3103}"
EndProject
Project("{FAE04EC0-301F-11D3-BF4B-00C04F79EFBC}") = "01_06_Arrays and Lists", "..\01_06_Arrays and Lists\01_06_Arrays and Lists.csproj", "{231EDC98-4728-42D2-A992-1F6377D781EB}"
EndProject
Project("{FAE04EC0-301F-11D3-BF4B-00C04F79EFBC}") = "01_07_Working With Dates", "..\01_07_Working With Dates\01_07_Working With Dates.csproj", "{AB1112EF-959D-489C-AA15-B82751CA279A}"
EndProject
Project("{2150E333-8FDC-42A3-9474-1A3956D46DE8}") = "CSharpCodes", "CSharpCodes", "{02E8C995-9DCC-403D-AFF9-DF00799A637C}"
EndProject
Global
	GlobalSection(SolutionConfigurationPlatforms) = preSolution
		Debug|Any CPU = Debug|Any CPU
		Release|Any CPU = Release|Any CPU
	EndGlobalSection
	GlobalSection(ProjectConfigurationPlatforms) = postSolution
		{6393F5D3-135B-40DA-9074-2C5D79AC2393}.Debug|Any CPU.ActiveCfg = Debug|Any CPU
		{6393F5D3-135B-40DA-9074-2C5D79AC2393}.Debug|Any CPU.Build.0 = Debug|Any CPU
		{6393F5D3-135B-40DA-9074-2C5D79AC2393}.Release|Any CPU.ActiveCfg = Release|Any CPU
		{6393F5D3-135B-40DA-9074-2C5D79AC2393}.Release|Any CPU.Build.0 = Release|Any CPU
		{9A23E9F0-0C1D-4A20-B7C1-B31BBC7C069F}.Debug|Any CPU.ActiveCfg = Debug|Any CPU
		{9A23E9F0-0C1D-4A20-B7C1-B31BBC7C069F}.Debug|Any CPU.Build.0 = Debug|Any CPU
		{9A23E9F0-0C1D-4A20-B7C1-B31BBC7C069F}.Release|Any CPU.ActiveCfg = Release|Any CPU
		{9A23E9F0-0C1D-4A20-B7C1-B31BBC7C069F}.Release|Any CPU.Build.0 = Release|Any CPU
		{44F6E835-FCF1-4BF9-9878-20BE66ED7149}.Debug|Any CPU.ActiveCfg = Debug|Any CPU
		{44F6E835-FCF1-4BF9-9878-20BE66ED7149}.Debug|Any CPU.Build.0 = Debug|Any CPU
		{44F6E835-FCF1-4BF9-9878-20BE66ED7149}.Release|Any CPU.ActiveCfg = Release|Any CPU
		{44F6E835-FCF1-4BF9-9878-20BE66ED7149}.Release|Any CPU.Build.0 = Release|Any CPU
		{2D5B7A5C-D455-4F04-8E29-F45BB9BD3103}.Debug|Any CPU.ActiveCfg = Debug|Any CPU
		{2D5B7A5C-D455-4F04-8E29-F45BB9BD3103}.Debug|Any CPU.Build.0 = Debug|Any CPU
		{2D5B7A5C-D455-4F04-8E29-F45BB9BD3103}.Release|Any CPU.ActiveCfg = Release|Any CPU
		{2D5B7A5C-D455-4F04-8E29-F45BB9BD3103}.Release|Any CPU.Build.0 = Release|Any CPU
		{231EDC98-4728-42D2-A992-1F6377D781EB}.Debug|Any CPU.ActiveCfg = Debug|Any CPU
		{231EDC98-4728-42D2-A992-1F6377D781EB}.Debug|Any CPU.Build.0 = Debug|Any CPU
		{231EDC98-4728-42D2-A992-1F6377D781EB}.Release|Any CPU.ActiveCfg = Release|Any CPU
		{231EDC98-4728-42D2-A992-1F6377D781EB}.Release|Any CPU.Build.0 = Release|Any CPU
		{AB1112EF-959D-489C-AA15-B82751CA279A}.Debug|Any CPU.ActiveCfg = Debug|Any CPU
		{AB1112EF-959D-489C-AA15-B82751CA279A}.Debug|Any CPU.Build.0 = Debug|Any CPU
		{AB1112EF-959D-489C-AA15-B82751CA279A}.Release|Any CPU.ActiveCfg = Release|Any CPU
		{AB1112EF-959D-489C-AA15-B82751CA279A}.Release|Any CPU.Build.0 = Release|Any CPU
	EndGlobalSection
	GlobalSection(SolutionProperties) = preSolution
		HideSolutionNode = FALSE
	EndGlobalSection
	GlobalSection(NestedProjects) = preSolution
		{9A23E9F0-0C1D-4A20-B7C1-B31BBC7C069F} = {02E8C995-9DCC-403D-AFF9-DF00799A637C}
		{44F6E835-FCF1-4BF9-9878-20BE66ED7149} = {02E8C995-9DCC-403D-AFF9-DF00799A637C}
		{2D5B7A5C-D455-4F04-8E29-F45BB9BD3103} = {02E8C995-9DCC-403D-AFF9-DF00799A637C}
		{231EDC98-4728-42D2-A992-1F6377D781EB} = {02E8C995-9DCC-403D-AFF9-DF00799A637C}
		{AB1112EF-959D-489C-AA15-B82751CA279A} = {02E8C995-9DCC-403D-AFF9-DF00799A637C}
	EndGlobalSection
	GlobalSection(ExtensibilityGlobals) = postSolution
		SolutionGuid = {548DEDF4-FB8E-429D-ACE5-8FAA71177947}
	EndGlobalSection
EndGlobal
